// !$*UTF8*$!
{
	archiveVersion = 1;
	classes = {
	};
	objectVersion = 56;
	objects = {

/* Begin PBXBuildFile section */
		9AE7405F2B3D7DDC00B827AD /* AppDelegate.swift in Sources */ = {isa = PBXBuildFile; fileRef = 9AE7405E2B3D7DDC00B827AD /* AppDelegate.swift */; };
		9AE740612B3D7DDC00B827AD /* SceneDelegate.swift in Sources */ = {isa = PBXBuildFile; fileRef = 9AE740602B3D7DDC00B827AD /* SceneDelegate.swift */; };
		9AE740632B3D7DDC00B827AD /* NotesHome.swift in Sources */ = {isa = PBXBuildFile; fileRef = 9AE740622B3D7DDC00B827AD /* NotesHome.swift */; };
		9AE740662B3D7DDC00B827AD /* Main.storyboard in Resources */ = {isa = PBXBuildFile; fileRef = 9AE740642B3D7DDC00B827AD /* Main.storyboard */; };
		9AE740692B3D7DDC00B827AD /* NotesCore.xcdatamodeld in Sources */ = {isa = PBXBuildFile; fileRef = 9AE740672B3D7DDC00B827AD /* NotesCore.xcdatamodeld */; };
		9AE7406B2B3D7DDE00B827AD /* Assets.xcassets in Resources */ = {isa = PBXBuildFile; fileRef = 9AE7406A2B3D7DDE00B827AD /* Assets.xcassets */; };
		9AE7406E2B3D7DDE00B827AD /* LaunchScreen.storyboard in Resources */ = {isa = PBXBuildFile; fileRef = 9AE7406C2B3D7DDE00B827AD /* LaunchScreen.storyboard */; };
		9AE740792B3D812100B827AD /* DetailNote.swift in Sources */ = {isa = PBXBuildFile; fileRef = 9AE740782B3D812100B827AD /* DetailNote.swift */; };
		9AF4134F2B40236B0033F26E /* Date+Ext.swift in Sources */ = {isa = PBXBuildFile; fileRef = 9AF4134E2B40236B0033F26E /* Date+Ext.swift */; };
		9AF413542B4025540033F26E /* NoteTableViewCell.swift in Sources */ = {isa = PBXBuildFile; fileRef = 9AF413532B4025540033F26E /* NoteTableViewCell.swift */; };
		9AF413572B405ECF0033F26E /* Note+CoreDataClass.swift in Sources */ = {isa = PBXBuildFile; fileRef = 9AF413552B405ECF0033F26E /* Note+CoreDataClass.swift */; };
		9AF413582B405ECF0033F26E /* Note+CoreDataProperties.swift in Sources */ = {isa = PBXBuildFile; fileRef = 9AF413562B405ECF0033F26E /* Note+CoreDataProperties.swift */; };
		9AF4135A2B4067B50033F26E /* CoreDataManager.swift in Sources */ = {isa = PBXBuildFile; fileRef = 9AF413592B4067B50033F26E /* CoreDataManager.swift */; };
/* End PBXBuildFile section */

/* Begin PBXFileReference section */
		9AE7405B2B3D7DDC00B827AD /* NotesCore.app */ = {isa = PBXFileReference; explicitFileType = wrapper.application; includeInIndex = 0; path = NotesCore.app; sourceTree = BUILT_PRODUCTS_DIR; };
		9AE7405E2B3D7DDC00B827AD /* AppDelegate.swift */ = {isa = PBXFileReference; lastKnownFileType = sourcecode.swift; path = AppDelegate.swift; sourceTree = "<group>"; };
		9AE740602B3D7DDC00B827AD /* SceneDelegate.swift */ = {isa = PBXFileReference; lastKnownFileType = sourcecode.swift; path = SceneDelegate.swift; sourceTree = "<group>"; };
		9AE740622B3D7DDC00B827AD /* NotesHome.swift */ = {isa = PBXFileReference; lastKnownFileType = sourcecode.swift; path = NotesHome.swift; sourceTree = "<group>"; };
		9AE740652B3D7DDC00B827AD /* Base */ = {isa = PBXFileReference; lastKnownFileType = file.storyboard; name = Base; path = Base.lproj/Main.storyboard; sourceTree = "<group>"; };
		9AE740682B3D7DDC00B827AD /* NotesCore.xcdatamodel */ = {isa = PBXFileReference; lastKnownFileType = wrapper.xcdatamodel; path = NotesCore.xcdatamodel; sourceTree = "<group>"; };
		9AE7406A2B3D7DDE00B827AD /* Assets.xcassets */ = {isa = PBXFileReference; lastKnownFileType = folder.assetcatalog; path = Assets.xcassets; sourceTree = "<group>"; };
		9AE7406D2B3D7DDE00B827AD /* Base */ = {isa = PBXFileReference; lastKnownFileType = file.storyboard; name = Base; path = Base.lproj/LaunchScreen.storyboard; sourceTree = "<group>"; };
		9AE7406F2B3D7DDE00B827AD /* Info.plist */ = {isa = PBXFileReference; lastKnownFileType = text.plist.xml; path = Info.plist; sourceTree = "<group>"; };
		9AE740782B3D812100B827AD /* DetailNote.swift */ = {isa = PBXFileReference; lastKnownFileType = sourcecode.swift; path = DetailNote.swift; sourceTree = "<group>"; };
		9AF4134E2B40236B0033F26E /* Date+Ext.swift */ = {isa = PBXFileReference; lastKnownFileType = sourcecode.swift; path = "Date+Ext.swift"; sourceTree = "<group>"; };
		9AF413532B4025540033F26E /* NoteTableViewCell.swift */ = {isa = PBXFileReference; lastKnownFileType = sourcecode.swift; path = NoteTableViewCell.swift; sourceTree = "<group>"; };
		9AF413552B405ECF0033F26E /* Note+CoreDataClass.swift */ = {isa = PBXFileReference; lastKnownFileType = sourcecode.swift; path = "Note+CoreDataClass.swift"; sourceTree = "<group>"; };
		9AF413562B405ECF0033F26E /* Note+CoreDataProperties.swift */ = {isa = PBXFileReference; lastKnownFileType = sourcecode.swift; path = "Note+CoreDataProperties.swift"; sourceTree = "<group>"; };
		9AF413592B4067B50033F26E /* CoreDataManager.swift */ = {isa = PBXFileReference; lastKnownFileType = sourcecode.swift; path = CoreDataManager.swift; sourceTree = "<group>"; };
/* End PBXFileReference section */

/* Begin PBXFrameworksBuildPhase section */
		9AE740582B3D7DDC00B827AD /* Frameworks */ = {
			isa = PBXFrameworksBuildPhase;
			buildActionMask = 2147483647;
			files = (
			);
			runOnlyForDeploymentPostprocessing = 0;
		};
/* End PBXFrameworksBuildPhase section */

/* Begin PBXGroup section */
		9AE740522B3D7DDC00B827AD = {
			isa = PBXGroup;
			children = (
				9AE7405D2B3D7DDC00B827AD /* NotesCore */,
				9AE7405C2B3D7DDC00B827AD /* Products */,
			);
			sourceTree = "<group>";
		};
		9AE7405C2B3D7DDC00B827AD /* Products */ = {
			isa = PBXGroup;
			children = (
				9AE7405B2B3D7DDC00B827AD /* NotesCore.app */,
			);
			name = Products;
			sourceTree = "<group>";
		};
		9AE7405D2B3D7DDC00B827AD /* NotesCore */ = {
			isa = PBXGroup;
			children = (
				9AF4134D2B40235B0033F26E /* Extensions */,
				9AF4134C2B3D9CA30033F26E /* Models */,
				9AE7407A2B3D990400B827AD /* App */,
				9AE740752B3D80BE00B827AD /* Views */,
				9AE740642B3D7DDC00B827AD /* Main.storyboard */,
				9AE7406A2B3D7DDE00B827AD /* Assets.xcassets */,
				9AE7406C2B3D7DDE00B827AD /* LaunchScreen.storyboard */,
				9AE7406F2B3D7DDE00B827AD /* Info.plist */,
				9AE740672B3D7DDC00B827AD /* NotesCore.xcdatamodeld */,
			);
			path = NotesCore;
			sourceTree = "<group>";
		};
		9AE740752B3D80BE00B827AD /* Views */ = {
			isa = PBXGroup;
			children = (
				9AE740772B3D80DD00B827AD /* DetailScene */,
				9AE740762B3D80CE00B827AD /* Home */,
			);
			path = Views;
			sourceTree = "<group>";
		};
		9AE740762B3D80CE00B827AD /* Home */ = {
			isa = PBXGroup;
			children = (
				9AF413522B40252E0033F26E /* Cell */,
				9AE740622B3D7DDC00B827AD /* NotesHome.swift */,
			);
			path = Home;
			sourceTree = "<group>";
		};
		9AE740772B3D80DD00B827AD /* DetailScene */ = {
			isa = PBXGroup;
			children = (
				9AE740782B3D812100B827AD /* DetailNote.swift */,
			);
			path = DetailScene;
			sourceTree = "<group>";
		};
		9AE7407A2B3D990400B827AD /* App */ = {
			isa = PBXGroup;
			children = (
				9AE740602B3D7DDC00B827AD /* SceneDelegate.swift */,
				9AE7405E2B3D7DDC00B827AD /* AppDelegate.swift */,
			);
			path = App;
			sourceTree = "<group>";
		};
		9AF4134C2B3D9CA30033F26E /* Models */ = {
			isa = PBXGroup;
			children = (
				9AF413552B405ECF0033F26E /* Note+CoreDataClass.swift */,
				9AF413562B405ECF0033F26E /* Note+CoreDataProperties.swift */,
				9AF413592B4067B50033F26E /* CoreDataManager.swift */,
			);
			path = Models;
			sourceTree = "<group>";
		};
		9AF4134D2B40235B0033F26E /* Extensions */ = {
			isa = PBXGroup;
			children = (
				9AF4134E2B40236B0033F26E /* Date+Ext.swift */,
			);
			path = Extensions;
			sourceTree = "<group>";
		};
		9AF413522B40252E0033F26E /* Cell */ = {
			isa = PBXGroup;
			children = (
				9AF413532B4025540033F26E /* NoteTableViewCell.swift */,
			);
			path = Cell;
			sourceTree = "<group>";
		};
/* End PBXGroup section */

/* Begin PBXNativeTarget section */
		9AE7405A2B3D7DDC00B827AD /* NotesCore */ = {
			isa = PBXNativeTarget;
			buildConfigurationList = 9AE740722B3D7DDE00B827AD /* Build configuration list for PBXNativeTarget "NotesCore" */;
			buildPhases = (
				9AE740572B3D7DDC00B827AD /* Sources */,
				9AE740582B3D7DDC00B827AD /* Frameworks */,
				9AE740592B3D7DDC00B827AD /* Resources */,
			);
			buildRules = (
			);
			dependencies = (
			);
			name = NotesCore;
			productName = NotesCore;
			productReference = 9AE7405B2B3D7DDC00B827AD /* NotesCore.app */;
			productType = "com.apple.product-type.application";
		};
/* End PBXNativeTarget section */

/* Begin PBXProject section */
		9AE740532B3D7DDC00B827AD /* Project object */ = {
			isa = PBXProject;
			attributes = {
				BuildIndependentTargetsInParallel = 1;
				LastSwiftUpdateCheck = 1520;
				LastUpgradeCheck = 1520;
				TargetAttributes = {
					9AE7405A2B3D7DDC00B827AD = {
						CreatedOnToolsVersion = 15.2;
					};
				};
			};
			buildConfigurationList = 9AE740562B3D7DDC00B827AD /* Build configuration list for PBXProject "NotesCore" */;
			compatibilityVersion = "Xcode 14.0";
			developmentRegion = en;
			hasScannedForEncodings = 0;
			knownRegions = (
				en,
				Base,
			);
			mainGroup = 9AE740522B3D7DDC00B827AD;
			productRefGroup = 9AE7405C2B3D7DDC00B827AD /* Products */;
			projectDirPath = "";
			projectRoot = "";
			targets = (
				9AE7405A2B3D7DDC00B827AD /* NotesCore */,
			);
		};
/* End PBXProject section */

/* Begin PBXResourcesBuildPhase section */
		9AE740592B3D7DDC00B827AD /* Resources */ = {
			isa = PBXResourcesBuildPhase;
			buildActionMask = 2147483647;
			files = (
				9AE7406E2B3D7DDE00B827AD /* LaunchScreen.storyboard in Resources */,
				9AE7406B2B3D7DDE00B827AD /* Assets.xcassets in Resources */,
				9AE740662B3D7DDC00B827AD /* Main.storyboard in Resources */,
			);
			runOnlyForDeploymentPostprocessing = 0;
		};
/* End PBXResourcesBuildPhase section */

/* Begin PBXSourcesBuildPhase section */
		9AE740572B3D7DDC00B827AD /* Sources */ = {
			isa = PBXSourcesBuildPhase;
			buildActionMask = 2147483647;
			files = (
				9AE740792B3D812100B827AD /* DetailNote.swift in Sources */,
				9AE740692B3D7DDC00B827AD /* NotesCore.xcdatamodeld in Sources */,
				9AF413542B4025540033F26E /* NoteTableViewCell.swift in Sources */,
				9AE740632B3D7DDC00B827AD /* NotesHome.swift in Sources */,
				9AF4134F2B40236B0033F26E /* Date+Ext.swift in Sources */,
				9AF413572B405ECF0033F26E /* Note+CoreDataClass.swift in Sources */,
				9AE7405F2B3D7DDC00B827AD /* AppDelegate.swift in Sources */,
				9AE740612B3D7DDC00B827AD /* SceneDelegate.swift in Sources */,
				9AF413582B405ECF0033F26E /* Note+CoreDataProperties.swift in Sources */,
				9AF4135A2B4067B50033F26E /* CoreDataManager.swift in Sources */,
			);
			runOnlyForDeploymentPostprocessing = 0;
		};
/* End PBXSourcesBuildPhase section */

/* Begin PBXVariantGroup section */
		9AE740642B3D7DDC00B827AD /* Main.storyboard */ = {
			isa = PBXVariantGroup;
			children = (
				9AE740652B3D7DDC00B827AD /* Base */,
			);
			name = Main.storyboard;
			sourceTree = "<group>";
		};
		9AE7406C2B3D7DDE00B827AD /* LaunchScreen.storyboard */ = {
			isa = PBXVariantGroup;
			children = (
				9AE7406D2B3D7DDE00B827AD /* Base */,
			);
			name = LaunchScreen.storyboard;
			sourceTree = "<group>";
		};
/* End PBXVariantGroup section */

/* Begin XCBuildConfiguration section */
		9AE740702B3D7DDE00B827AD /* Debug */ = {
			isa = XCBuildConfiguration;
			buildSettings = {
				ALWAYS_SEARCH_USER_PATHS = NO;
				ASSETCATALOG_COMPILER_GENERATE_SWIFT_ASSET_SYMBOL_EXTENSIONS = YES;
				CLANG_ANALYZER_NONNULL = YES;
				CLANG_ANALYZER_NUMBER_OBJECT_CONVERSION = YES_AGGRESSIVE;
				CLANG_CXX_LANGUAGE_STANDARD = "gnu++20";
				CLANG_ENABLE_MODULES = YES;
				CLANG_ENABLE_OBJC_ARC = YES;
				CLANG_ENABLE_OBJC_WEAK = YES;
				CLANG_WARN_BLOCK_CAPTURE_AUTORELEASING = YES;
				CLANG_WARN_BOOL_CONVERSION = YES;
				CLANG_WARN_COMMA = YES;
				CLANG_WARN_CONSTANT_CONVERSION = YES;
				CLANG_WARN_DEPRECATED_OBJC_IMPLEMENTATIONS = YES;
				CLANG_WARN_DIRECT_OBJC_ISA_USAGE = YES_ERROR;
				CLANG_WARN_DOCUMENTATION_COMMENTS = YES;
				CLANG_WARN_EMPTY_BODY = YES;
				CLANG_WARN_ENUM_CONVERSION = YES;
				CLANG_WARN_INFINITE_RECURSION = YES;
				CLANG_WARN_INT_CONVERSION = YES;
				CLANG_WARN_NON_LITERAL_NULL_CONVERSION = YES;
				CLANG_WARN_OBJC_IMPLICIT_RETAIN_SELF = YES;
				CLANG_WARN_OBJC_LITERAL_CONVERSION = YES;
				CLANG_WARN_OBJC_ROOT_CLASS = YES_ERROR;
				CLANG_WARN_QUOTED_INCLUDE_IN_FRAMEWORK_HEADER = YES;
				CLANG_WARN_RANGE_LOOP_ANALYSIS = YES;
				CLANG_WARN_STRICT_PROTOTYPES = YES;
				CLANG_WARN_SUSPICIOUS_MOVE = YES;
				CLANG_WARN_UNGUARDED_AVAILABILITY = YES_AGGRESSIVE;
				CLANG_WARN_UNREACHABLE_CODE = YES;
				CLANG_WARN__DUPLICATE_METHOD_MATCH = YES;
				COPY_PHASE_STRIP = NO;
				DEBUG_INFORMATION_FORMAT = dwarf;
				ENABLE_STRICT_OBJC_MSGSEND = YES;
				ENABLE_TESTABILITY = YES;
				ENABLE_USER_SCRIPT_SANDBOXING = YES;
				GCC_C_LANGUAGE_STANDARD = gnu17;
				GCC_DYNAMIC_NO_PIC = NO;
				GCC_NO_COMMON_BLOCKS = YES;
				GCC_OPTIMIZATION_LEVEL = 0;
				GCC_PREPROCESSOR_DEFINITIONS = (
					"DEBUG=1",
					"$(inherited)",
				);
				GCC_WARN_64_TO_32_BIT_CONVERSION = YES;
				GCC_WARN_ABOUT_RETURN_TYPE = YES_ERROR;
				GCC_WARN_UNDECLARED_SELECTOR = YES;
				GCC_WARN_UNINITIALIZED_AUTOS = YES_AGGRESSIVE;
				GCC_WARN_UNUSED_FUNCTION = YES;
				GCC_WARN_UNUSED_VARIABLE = YES;
				IPHONEOS_DEPLOYMENT_TARGET = 17.2;
				LOCALIZATION_PREFERS_STRING_CATALOGS = YES;
				MTL_ENABLE_DEBUG_INFO = INCLUDE_SOURCE;
				MTL_FAST_MATH = YES;
				ONLY_ACTIVE_ARCH = YES;
				SDKROOT = iphoneos;
				SWIFT_ACTIVE_COMPILATION_CONDITIONS = "DEBUG $(inherited)";
				SWIFT_OPTIMIZATION_LEVEL = "-Onone";
			};
			name = Debug;
		};
		9AE740712B3D7DDE00B827AD /* Release */ = {
			isa = XCBuildConfiguration;
			buildSettings = {
				ALWAYS_SEARCH_USER_PATHS = NO;
				ASSETCATALOG_COMPILER_GENERATE_SWIFT_ASSET_SYMBOL_EXTENSIONS = YES;
				CLANG_ANALYZER_NONNULL = YES;
				CLANG_ANALYZER_NUMBER_OBJECT_CONVERSION = YES_AGGRESSIVE;
				CLANG_CXX_LANGUAGE_STANDARD = "gnu++20";
				CLANG_ENABLE_MODULES = YES;
				CLANG_ENABLE_OBJC_ARC = YES;
				CLANG_ENABLE_OBJC_WEAK = YES;
				CLANG_WARN_BLOCK_CAPTURE_AUTORELEASING = YES;
				CLANG_WARN_BOOL_CONVERSION = YES;
				CLANG_WARN_COMMA = YES;
				CLANG_WARN_CONSTANT_CONVERSION = YES;
				CLANG_WARN_DEPRECATED_OBJC_IMPLEMENTATIONS = YES;
				CLANG_WARN_DIRECT_OBJC_ISA_USAGE = YES_ERROR;
				CLANG_WARN_DOCUMENTATION_COMMENTS = YES;
				CLANG_WARN_EMPTY_BODY = YES;
				CLANG_WARN_ENUM_CONVERSION = YES;
				CLANG_WARN_INFINITE_RECURSION = YES;
				CLANG_WARN_INT_CONVERSION = YES;
				CLANG_WARN_NON_LITERAL_NULL_CONVERSION = YES;
				CLANG_WARN_OBJC_IMPLICIT_RETAIN_SELF = YES;
				CLANG_WARN_OBJC_LITERAL_CONVERSION = YES;
				CLANG_WARN_OBJC_ROOT_CLASS = YES_ERROR;
				CLANG_WARN_QUOTED_INCLUDE_IN_FRAMEWORK_HEADER = YES;
				CLANG_WARN_RANGE_LOOP_ANALYSIS = YES;
				CLANG_WARN_STRICT_PROTOTYPES = YES;
				CLANG_WARN_SUSPICIOUS_MOVE = YES;
				CLANG_WARN_UNGUARDED_AVAILABILITY = YES_AGGRESSIVE;
				CLANG_WARN_UNREACHABLE_CODE = YES;
				CLANG_WARN__DUPLICATE_METHOD_MATCH = YES;
				COPY_PHASE_STRIP = NO;
				DEBUG_INFORMATION_FORMAT = "dwarf-with-dsym";
				ENABLE_NS_ASSERTIONS = NO;
				ENABLE_STRICT_OBJC_MSGSEND = YES;
				ENABLE_USER_SCRIPT_SANDBOXING = YES;
				GCC_C_LANGUAGE_STANDARD = gnu17;
				GCC_NO_COMMON_BLOCKS = YES;
				GCC_WARN_64_TO_32_BIT_CONVERSION = YES;
				GCC_WARN_ABOUT_RETURN_TYPE = YES_ERROR;
				GCC_WARN_UNDECLARED_SELECTOR = YES;
				GCC_WARN_UNINITIALIZED_AUTOS = YES_AGGRESSIVE;
				GCC_WARN_UNUSED_FUNCTION = YES;
				GCC_WARN_UNUSED_VARIABLE = YES;
				IPHONEOS_DEPLOYMENT_TARGET = 17.2;
				LOCALIZATION_PREFERS_STRING_CATALOGS = YES;
				MTL_ENABLE_DEBUG_INFO = NO;
				MTL_FAST_MATH = YES;
				SDKROOT = iphoneos;
				SWIFT_COMPILATION_MODE = wholemodule;
				VALIDATE_PRODUCT = YES;
			};
			name = Release;
		};
		9AE740732B3D7DDE00B827AD /* Debug */ = {
			isa = XCBuildConfiguration;
			buildSettings = {
				ASSETCATALOG_COMPILER_APPICON_NAME = AppIcon;
				ASSETCATALOG_COMPILER_GLOBAL_ACCENT_COLOR_NAME = AccentColor;
				CODE_SIGN_STYLE = Automatic;
				CURRENT_PROJECT_VERSION = 1;
				GENERATE_INFOPLIST_FILE = YES;
				INFOPLIST_FILE = NotesCore/Info.plist;
				INFOPLIST_KEY_UIApplicationSupportsIndirectInputEvents = YES;
				INFOPLIST_KEY_UILaunchStoryboardName = LaunchScreen;
				INFOPLIST_KEY_UIMainStoryboardFile = Main;
				INFOPLIST_KEY_UISupportedInterfaceOrientations_iPad = "UIInterfaceOrientationPortrait UIInterfaceOrientationPortraitUpsideDown UIInterfaceOrientationLandscapeLeft UIInterfaceOrientationLandscapeRight";
				INFOPLIST_KEY_UISupportedInterfaceOrientations_iPhone = "UIInterfaceOrientationPortrait UIInterfaceOrientationLandscapeLeft UIInterfaceOrientationLandscapeRight";
				LD_RUNPATH_SEARCH_PATHS = (
					"$(inherited)",
					"@executable_path/Frameworks",
				);
				MARKETING_VERSION = 1.0;
				PRODUCT_BUNDLE_IDENTIFIER = com.push.NotesCore;
				PRODUCT_NAME = "$(TARGET_NAME)";
				SWIFT_EMIT_LOC_STRINGS = YES;
				SWIFT_VERSION = 5.0;
				TARGETED_DEVICE_FAMILY = "1,2";
			};
			name = Debug;
		};
		9AE740742B3D7DDE00B827AD /* Release */ = {
			isa = XCBuildConfiguration;
			buildSettings = {
				ASSETCATALOG_COMPILER_APPICON_NAME = AppIcon;
				ASSETCATALOG_COMPILER_GLOBAL_ACCENT_COLOR_NAME = AccentColor;
				CODE_SIGN_STYLE = Automatic;
				CURRENT_PROJECT_VERSION = 1;
				GENERATE_INFOPLIST_FILE = YES;
				INFOPLIST_FILE = NotesCore/Info.plist;
				INFOPLIST_KEY_UIApplicationSupportsIndirectInputEvents = YES;
				INFOPLIST_KEY_UILaunchStoryboardName = LaunchScreen;
				INFOPLIST_KEY_UIMainStoryboardFile = Main;
				INFOPLIST_KEY_UISupportedInterfaceOrientations_iPad = "UIInterfaceOrientationPortrait UIInterfaceOrientationPortraitUpsideDown UIInterfaceOrientationLandscapeLeft UIInterfaceOrientationLandscapeRight";
				INFOPLIST_KEY_UISupportedInterfaceOrientations_iPhone = "UIInterfaceOrientationPortrait UIInterfaceOrientationLandscapeLeft UIInterfaceOrientationLandscapeRight";
				LD_RUNPATH_SEARCH_PATHS = (
					"$(inherited)",
					"@executable_path/Frameworks",
				);
				MARKETING_VERSION = 1.0;
				PRODUCT_BUNDLE_IDENTIFIER = com.push.NotesCore;
				PRODUCT_NAME = "$(TARGET_NAME)";
				SWIFT_EMIT_LOC_STRINGS = YES;
				SWIFT_VERSION = 5.0;
				TARGETED_DEVICE_FAMILY = "1,2";
			};
			name = Release;
		};
/* End XCBuildConfiguration section */

/* Begin XCConfigurationList section */
		9AE740562B3D7DDC00B827AD /* Build configuration list for PBXProject "NotesCore" */ = {
			isa = XCConfigurationList;
			buildConfigurations = (
				9AE740702B3D7DDE00B827AD /* Debug */,
				9AE740712B3D7DDE00B827AD /* Release */,
			);
			defaultConfigurationIsVisible = 0;
			defaultConfigurationName = Release;
		};
		9AE740722B3D7DDE00B827AD /* Build configuration list for PBXNativeTarget "NotesCore" */ = {
			isa = XCConfigurationList;
			buildConfigurations = (
				9AE740732B3D7DDE00B827AD /* Debug */,
				9AE740742B3D7DDE00B827AD /* Release */,
			);
			defaultConfigurationIsVisible = 0;
			defaultConfigurationName = Release;
		};
/* End XCConfigurationList section */

/* Begin XCVersionGroup section */
		9AE740672B3D7DDC00B827AD /* NotesCore.xcdatamodeld */ = {
			isa = XCVersionGroup;
			children = (
				9AE740682B3D7DDC00B827AD /* NotesCore.xcdatamodel */,
			);
			currentVersion = 9AE740682B3D7DDC00B827AD /* NotesCore.xcdatamodel */;
			path = NotesCore.xcdatamodeld;
			sourceTree = "<group>";
			versionGroupType = wrapper.xcdatamodel;
		};
/* End XCVersionGroup section */
	};
	rootObject = 9AE740532B3D7DDC00B827AD /* Project object */;
}
